{
  "name": "cv.js-demo",
  "version": "0.1.3",
  "lockfileVersion": 1,
  "requires": true,
  "dependencies": {
    "jquery": {
      "version": "3.3.1",
      "resolved": "https://registry.npmjs.org/jquery/-/jquery-3.3.1.tgz",
      "integrity": "sha512-Ubldcmxp5np52/ENotGxlLe6aGMvmF4R8S6tZjsP6Knsaxd/xp3Zrh50cG93lR6nPXyUFwzN3ZSOQI0wRJNdGg=="
    },
    "rxjs": {
      "version": "6.2.0",
      "resolved": "https://registry.npmjs.org/rxjs/-/rxjs-6.2.0.tgz",
      "integrity": "sha512-qBzf5uu6eOKiCZuAE0SgZ0/Qp+l54oeVxFfC2t+mJ2SFI6IB8gmMdJHs5DUMu5kqifqcCtsKS2XHjhZu6RKvAw==",
      "requires": {
        "tslib": "1.9.1"
      }
    },
    "systemjs": {
      "version": "0.21.3",
      "resolved": "https://registry.npmjs.org/systemjs/-/systemjs-0.21.3.tgz",
      "integrity": "sha512-1x0kczVnT83fq/nE3ysXra9EEhOKv4+cMS95YkexWY8128J2VL8rk/nTWZig8qoY4/ZKZwZQWOECPx3XgAjjiA=="
    },
    "tslib": {
      "version": "1.9.1",
      "resolved": "https://registry.npmjs.org/tslib/-/tslib-1.9.1.tgz",
      "integrity": "sha512-avfPS28HmGLLc2o4elcc2EIq2FcH++Yo5YxpBZi9Yw93BCTGFthI4HPE4Rpep6vSYQaK8e69PelM44tPj+RaQg=="
    }
  }
}
